
Microsoft Visual Studio Solution File, Format Version 12.00
# Visual Studio Version 17
VisualStudioVersion = 17.14.36109.1 d17.14
MinimumVisualStudioVersion = 10.0.40219.1
Project("{FAE04EC0-301F-11D3-BF4B-00C04F79EFBC}") = "MonitoringSystem", "MonitoringSystem\MonitoringSystem.csproj", "{04A3C4A9-C372-4914-8BAF-099B5B41EF8F}"
EndProject
Global
	GlobalSection(SolutionConfigurationPlatforms) = preSolution
		Debug|Any CPU = Debug|Any CPU
		Release|Any CPU = Release|Any CPU
	EndGlobalSection
	GlobalSection(ProjectConfigurationPlatforms) = postSolution
		{04A3C4A9-C372-4914-8BAF-099B5B41EF8F}.Debug|Any CPU.ActiveCfg = Debug|Any CPU
		{04A3C4A9-C372-4914-8BAF-099B5B41EF8F}.Debug|Any CPU.Build.0 = Debug|Any CPU
		{04A3C4A9-C372-4914-8BAF-099B5B41EF8F}.Release|Any CPU.ActiveCfg = Release|Any CPU
		{04A3C4A9-C372-4914-8BAF-099B5B41EF8F}.Release|Any CPU.Build.0 = Release|Any CPU
	EndGlobalSection
	GlobalSection(SolutionProperties) = preSolution
		HideSolutionNode = FALSE
	EndGlobalSection
	GlobalSection(ExtensibilityGlobals) = postSolution
		SolutionGuid = {F7560989-4897-4FE6-8F03-BB1E57364030}
	EndGlobalSection
EndGlobal
